
Microsoft Visual Studio Solution File, Format Version 12.00
# Visual Studio 15
VisualStudioVersion = 15.0.28307.1622
MinimumVisualStudioVersion = 10.0.40219.1
Project("{FAE04EC0-301F-11D3-BF4B-00C04F79EFBC}") = "EazyLearn.ExceptionHandling", "EazyLearn.ExceptionHandling\EazyLearn.ExceptionHandling.csproj", "{2540FC62-1C1B-408E-AB45-918A8B1B07A4}"
EndProject
Global
	GlobalSection(SolutionConfigurationPlatforms) = preSolution
		Debug|Any CPU = Debug|Any CPU
		Release|Any CPU = Release|Any CPU
	EndGlobalSection
	GlobalSection(ProjectConfigurationPlatforms) = postSolution
		{2540FC62-1C1B-408E-AB45-918A8B1B07A4}.Debug|Any CPU.ActiveCfg = Debug|Any CPU
		{2540FC62-1C1B-408E-AB45-918A8B1B07A4}.Debug|Any CPU.Build.0 = Debug|Any CPU
		{2540FC62-1C1B-408E-AB45-918A8B1B07A4}.Release|Any CPU.ActiveCfg = Release|Any CPU
		{2540FC62-1C1B-408E-AB45-918A8B1B07A4}.Release|Any CPU.Build.0 = Release|Any CPU
	EndGlobalSection
	GlobalSection(SolutionProperties) = preSolution
		HideSolutionNode = FALSE
	EndGlobalSection
	GlobalSection(ExtensibilityGlobals) = postSolution
		SolutionGuid = {E6F2D1EE-3C62-4F30-8AD9-57D2E6CAD5FC}
	EndGlobalSection
EndGlobal
